{"1.2.0",
[{<<"cowlib">>,{pkg,<<"cowlib">>,<<"2.13.0">>},1},
 {<<"gun">>,{pkg,<<"gun">>,<<"2.1.0">>},0},
 {<<"quickrand">>,{pkg,<<"quickrand">>,<<"2.0.7">>},1},
 {<<"termseal">>,{pkg,<<"termseal">>,<<"0.1.1">>},0},
 {<<"uuid">>,{pkg,<<"uuid_erl">>,<<"2.0.4">>},0}]}.
[
{pkg_hash,[
 {<<"cowlib">>, <<"DB8F7505D8332D98EF50A3EF34B34C1AFDDEC7506E4EE4DD4A3A266285D282CA">>},
 {<<"gun">>, <<"B4E4CBBF3026D21981C447E9E7CA856766046EFF693720BA43114D7F5DE36E87">>},
 {<<"quickrand">>, <<"D2BD76676A446E6A058D678444B7FDA1387B813710D1AF6D6E29BB92186C8820">>},
 {<<"termseal">>, <<"C9D93D4FF638EE99F9377D3438FC7AD132D2901EBBAF10C54F8DEA1D7E24D61C">>},
 {<<"uuid">>, <<"77C3E3EE1E1701A2856CE945846D7CEB71931C60633A305D0B0FEAE03B2B3B5C">>}]},
{pkg_hash_ext,[
 {<<"cowlib">>, <<"E1E1284DC3FC030A64B1AD0D8382AE7E99DA46C3246B815318A4B848873800A4">>},
 {<<"gun">>, <<"52FC7FC246BFC3B00E01AEA1C2854C70A366348574AB50C57DFE796D24A0101D">>},
 {<<"quickrand">>, <<"B8ACBF89A224BC217C3070CA8BEBC6EB236DBE7F9767993B274084EA044D35F0">>},
 {<<"termseal">>, <<"466280936214AF1894FC431642E83341B7D13580A3F3485820A2D300C5CAEB49">>},
 {<<"uuid">>, <<"7A4CCD1C151D9B88B4383FA802BCCF9BCB3754B7F53D7CAA164D51A14A6652E4">>}]}
].
